
Microsoft Visual Studio Solution File, Format Version 12.00
# Visual Studio Version 17
VisualStudioVersion = 17.14.36705.20 d17.14
MinimumVisualStudioVersion = 10.0.40219.1
Project("{FAE04EC0-301F-11D3-BF4B-00C04F79EFBC}") = "ContosoUniversity", "ContosoUniversity\ContosoUniversity.csproj", "{BE43F67D-D958-4477-A3FE-AE9D128FED0E}"
EndProject
Global
	GlobalSection(SolutionConfigurationPlatforms) = preSolution
		Debug|Any CPU = Debug|Any CPU
		Release|Any CPU = Release|Any CPU
	EndGlobalSection
	GlobalSection(ProjectConfigurationPlatforms) = postSolution
		{BE43F67D-D958-4477-A3FE-AE9D128FED0E}.Debug|Any CPU.ActiveCfg = Debug|Any CPU
		{BE43F67D-D958-4477-A3FE-AE9D128FED0E}.Debug|Any CPU.Build.0 = Debug|Any CPU
		{BE43F67D-D958-4477-A3FE-AE9D128FED0E}.Release|Any CPU.ActiveCfg = Release|Any CPU
		{BE43F67D-D958-4477-A3FE-AE9D128FED0E}.Release|Any CPU.Build.0 = Release|Any CPU
	EndGlobalSection
	GlobalSection(SolutionProperties) = preSolution
		HideSolutionNode = FALSE
	EndGlobalSection
	GlobalSection(ExtensibilityGlobals) = postSolution
		SolutionGuid = {1B3FD799-AD39-4CDB-B458-DE81C0487E39}
	EndGlobalSection
EndGlobal
